
Microsoft Visual Studio Solution File, Format Version 12.00
# Visual Studio Version 17
VisualStudioVersion = 17.11.35222.181
MinimumVisualStudioVersion = 10.0.40219.1
Project("{FAE04EC0-301F-11D3-BF4B-00C04F79EFBC}") = "ChatAppFrontend", "ChatAppFrontend\ChatAppFrontend.csproj", "{D0712854-0A93-4841-86FB-BCEB29CACFFF}"
EndProject
Global
	GlobalSection(SolutionConfigurationPlatforms) = preSolution
		Debug|Any CPU = Debug|Any CPU
		Release|Any CPU = Release|Any CPU
	EndGlobalSection
	GlobalSection(ProjectConfigurationPlatforms) = postSolution
		{D0712854-0A93-4841-86FB-BCEB29CACFFF}.Debug|Any CPU.ActiveCfg = Debug|Any CPU
		{D0712854-0A93-4841-86FB-BCEB29CACFFF}.Debug|Any CPU.Build.0 = Debug|Any CPU
		{D0712854-0A93-4841-86FB-BCEB29CACFFF}.Release|Any CPU.ActiveCfg = Release|Any CPU
		{D0712854-0A93-4841-86FB-BCEB29CACFFF}.Release|Any CPU.Build.0 = Release|Any CPU
	EndGlobalSection
	GlobalSection(SolutionProperties) = preSolution
		HideSolutionNode = FALSE
	EndGlobalSection
	GlobalSection(ExtensibilityGlobals) = postSolution
		SolutionGuid = {B8A68D97-53FD-413C-9B3A-6C6EE4F4FD67}
	EndGlobalSection
EndGlobal
